{
  "name": "simple-project",
  "version": "1.0.0",
  "lockfileVersion": 2,
  "requires": true,
  "packages": {
    "": {
      "name": "simple-project",
      "version": "1.0.0",
      "dependencies": {
        "axios": "^0.26.1",
        "startup-55": "^0.2.20",
        "uuid": "^8.3.2"
      },
      "devDependencies": {
        "tslib": "^2.3.1"
      }
    },
    "node_modules/axios": {
      "version": "0.26.1",
      "resolved": "https://registry.npmjs.org/axios/-/axios-0.26.1.tgz",
      "integrity": "sha512-fPwcX4EvnSHuInCMItEhAGnaSEXRBjtzh9fOtsE6E1G6p7vl7edEeZe11QHf18+6+9gR5PbKV/sGKNaD8YaMeA==",
      "dependencies": {
        "follow-redirects": "^1.14.8"
      }
    },
    "node_modules/follow-redirects": {
      "version": "1.14.9",
      "resolved": "https://registry.npmjs.org/follow-redirects/-/follow-redirects-1.14.9.tgz",
      "integrity": "sha512-MQDfihBQYMcyy5dhRDJUHcw7lb2Pv/TuE6xP1vyraLukNDHKbDxDNaOE3NbCAdKQApno+GPRyo1YAp89yCjK4w==",
      "funding": [
        {
          "type": "individual",
          "url": "https://github.com/sponsors/RubenVerborgh"
        }
      ],
      "engines": {
        "node": ">=4.0"
      },
      "peerDependenciesMeta": {
        "debug": {
          "optional": true
        }
      }
    },
    "node_modules/startup-55": {
      "version": "0.2.20",
      "resolved": "https://registry.npmjs.org/startup-55/-/startup-55-0.2.20.tgz",
      "integrity": "sha512-thQgGc/Y1r7LtbON4NC5tj6d2bQhBacDnyrYF0JEWnUovvzPgnmSFROsK0XA8b/TymuXfcTEI9DKCxvcsm9LYQ==",
      "dependencies": {
        "axios": "^0.26.1",
        "ts-md5": "^1.2.11"
      }
    },
    "node_modules/ts-md5": {
      "version": "1.2.11",
      "resolved": "https://registry.npmjs.org/ts-md5/-/ts-md5-1.2.11.tgz",
      "integrity": "sha512-vAwy9rEuRE6a8xa1MavIVkLFyyU0ydk4CLMFA5vOVccmQKLOuGb/BHm3oEN7XHf2FoqS+z0pSvhaad/ombd1Vg=="
    },
    "node_modules/tslib": {
      "version": "2.3.1",
      "resolved": "https://registry.npmjs.org/tslib/-/tslib-2.3.1.tgz",
      "integrity": "sha512-77EbyPPpMz+FRFRuAFlWMtmgUWGe9UOG2Z25NqCwiIjRhOf5iKGuzSe5P2w1laq+FkRy4p+PCuVkJSGkzTEKVw==",
      "dev": true
    },
    "node_modules/uuid": {
      "version": "8.3.2",
      "resolved": "https://registry.npmjs.org/uuid/-/uuid-8.3.2.tgz",
      "integrity": "sha512-+NYs2QeMWy+GWFOEm9xnn6HCDp0l7QBD7ml8zLUmJ+93Q5NF0NocErnwkTkXVFNiX3/fpC6afS8Dhb/gz7R7eg==",
      "bin": {
        "uuid": "dist/bin/uuid"
      }
    }
  },
  "dependencies": {
    "axios": {
      "version": "0.26.1",
      "resolved": "https://registry.npmjs.org/axios/-/axios-0.26.1.tgz",
      "integrity": "sha512-fPwcX4EvnSHuInCMItEhAGnaSEXRBjtzh9fOtsE6E1G6p7vl7edEeZe11QHf18+6+9gR5PbKV/sGKNaD8YaMeA==",
      "requires": {
        "follow-redirects": "^1.14.8"
      }
    },
    "follow-redirects": {
      "version": "1.14.9",
      "resolved": "https://registry.npmjs.org/follow-redirects/-/follow-redirects-1.14.9.tgz",
      "integrity": "sha512-MQDfihBQYMcyy5dhRDJUHcw7lb2Pv/TuE6xP1vyraLukNDHKbDxDNaOE3NbCAdKQApno+GPRyo1YAp89yCjK4w=="
    },
    "startup-55": {
      "version": "0.2.20",
      "resolved": "https://registry.npmjs.org/startup-55/-/startup-55-0.2.20.tgz",
      "integrity": "sha512-thQgGc/Y1r7LtbON4NC5tj6d2bQhBacDnyrYF0JEWnUovvzPgnmSFROsK0XA8b/TymuXfcTEI9DKCxvcsm9LYQ==",
      "requires": {
        "axios": "^0.26.1",
        "ts-md5": "^1.2.11"
      }
    },
    "ts-md5": {
      "version": "1.2.11",
      "resolved": "https://registry.npmjs.org/ts-md5/-/ts-md5-1.2.11.tgz",
      "integrity": "sha512-vAwy9rEuRE6a8xa1MavIVkLFyyU0ydk4CLMFA5vOVccmQKLOuGb/BHm3oEN7XHf2FoqS+z0pSvhaad/ombd1Vg=="
    },
    "tslib": {
      "version": "2.3.1",
      "resolved": "https://registry.npmjs.org/tslib/-/tslib-2.3.1.tgz",
      "integrity": "sha512-77EbyPPpMz+FRFRuAFlWMtmgUWGe9UOG2Z25NqCwiIjRhOf5iKGuzSe5P2w1laq+FkRy4p+PCuVkJSGkzTEKVw==",
      "dev": true
    },
    "uuid": {
      "version": "8.3.2",
      "resolved": "https://registry.npmjs.org/uuid/-/uuid-8.3.2.tgz",
      "integrity": "sha512-+NYs2QeMWy+GWFOEm9xnn6HCDp0l7QBD7ml8zLUmJ+93Q5NF0NocErnwkTkXVFNiX3/fpC6afS8Dhb/gz7R7eg=="
    }
  }
}
